// !$*UTF8*$!
{
	archiveVersion = 1;
	classes = {
	};
	objectVersion = 55;
	objects = {

/* Begin PBXBuildFile section */
		4F204CB52803D6EB006FEA69 /* AppDelegate.m in Sources */ = {isa = PBXBuildFile; fileRef = 4F204CB42803D6EB006FEA69 /* AppDelegate.m */; };
		4F204CBE2803D6EB006FEA69 /* Main.storyboard in Resources */ = {isa = PBXBuildFile; fileRef = 4F204CBC2803D6EB006FEA69 /* Main.storyboard */; };
		4F204CC02803D6EC006FEA69 /* Assets.xcassets in Resources */ = {isa = PBXBuildFile; fileRef = 4F204CBF2803D6EC006FEA69 /* Assets.xcassets */; };
		4F204CC32803D6EC006FEA69 /* LaunchScreen.storyboard in Resources */ = {isa = PBXBuildFile; fileRef = 4F204CC12803D6EC006FEA69 /* LaunchScreen.storyboard */; };
		4F204CC62803D6EC006FEA69 /* main.m in Sources */ = {isa = PBXBuildFile; fileRef = 4F204CC52803D6EC006FEA69 /* main.m */; };
		4F204CD02803D6EC006FEA69 /* AVCaptureTests.m in Sources */ = {isa = PBXBuildFile; fileRef = 4F204CCF2803D6EC006FEA69 /* AVCaptureTests.m */; };
		4F204CDA2803D6EC006FEA69 /* AVCaptureUITests.m in Sources */ = {isa = PBXBuildFile; fileRef = 4F204CD92803D6EC006FEA69 /* AVCaptureUITests.m */; };
		4F204CDC2803D6EC006FEA69 /* AVCaptureUITestsLaunchTests.m in Sources */ = {isa = PBXBuildFile; fileRef = 4F204CDB2803D6EC006FEA69 /* AVCaptureUITestsLaunchTests.m */; };
		4F204CEA2803E665006FEA69 /* AVFoundation.framework in Frameworks */ = {isa = PBXBuildFile; fileRef = 4F204CE92803E664006FEA69 /* AVFoundation.framework */; };
		4F204CED2803EA9A006FEA69 /* ViewController.m in Sources */ = {isa = PBXBuildFile; fileRef = 4F204CBA2803D6EB006FEA69 /* ViewController.m */; };
/* End PBXBuildFile section */

/* Begin PBXContainerItemProxy section */
		4F204CCC2803D6EC006FEA69 /* PBXContainerItemProxy */ = {
			isa = PBXContainerItemProxy;
			containerPortal = 4F204CA82803D6EB006FEA69 /* Project object */;
			proxyType = 1;
			remoteGlobalIDString = 4F204CAF2803D6EB006FEA69;
			remoteInfo = AVCapture;
		};
		4F204CD62803D6EC006FEA69 /* PBXContainerItemProxy */ = {
			isa = PBXContainerItemProxy;
			containerPortal = 4F204CA82803D6EB006FEA69 /* Project object */;
			proxyType = 1;
			remoteGlobalIDString = 4F204CAF2803D6EB006FEA69;
			remoteInfo = AVCapture;
		};
/* End PBXContainerItemProxy section */

/* Begin PBXFileReference section */
		4F204CB02803D6EB006FEA69 /* AVCapture.app */ = {isa = PBXFileReference; explicitFileType = wrapper.application; includeInIndex = 0; path = AVCapture.app; sourceTree = BUILT_PRODUCTS_DIR; };
		4F204CB32803D6EB006FEA69 /* AppDelegate.h */ = {isa = PBXFileReference; lastKnownFileType = sourcecode.c.h; path = AppDelegate.h; sourceTree = "<group>"; };
		4F204CB42803D6EB006FEA69 /* AppDelegate.m */ = {isa = PBXFileReference; lastKnownFileType = sourcecode.c.objc; path = AppDelegate.m; sourceTree = "<group>"; };
		4F204CB92803D6EB006FEA69 /* ViewController.h */ = {isa = PBXFileReference; lastKnownFileType = sourcecode.c.h; path = ViewController.h; sourceTree = "<group>"; };
		4F204CBA2803D6EB006FEA69 /* ViewController.m */ = {isa = PBXFileReference; lastKnownFileType = sourcecode.c.objc; path = ViewController.m; sourceTree = "<group>"; };
		4F204CBD2803D6EB006FEA69 /* Base */ = {isa = PBXFileReference; lastKnownFileType = file.storyboard; name = Base; path = Base.lproj/Main.storyboard; sourceTree = "<group>"; };
		4F204CBF2803D6EC006FEA69 /* Assets.xcassets */ = {isa = PBXFileReference; lastKnownFileType = folder.assetcatalog; path = Assets.xcassets; sourceTree = "<group>"; };
		4F204CC22803D6EC006FEA69 /* Base */ = {isa = PBXFileReference; lastKnownFileType = file.storyboard; name = Base; path = Base.lproj/LaunchScreen.storyboard; sourceTree = "<group>"; };
		4F204CC42803D6EC006FEA69 /* Info.plist */ = {isa = PBXFileReference; lastKnownFileType = text.plist.xml; path = Info.plist; sourceTree = "<group>"; };
		4F204CC52803D6EC006FEA69 /* main.m */ = {isa = PBXFileReference; lastKnownFileType = sourcecode.c.objc; path = main.m; sourceTree = "<group>"; };
		4F204CCB2803D6EC006FEA69 /* AVCaptureTests.xctest */ = {isa = PBXFileReference; explicitFileType = wrapper.cfbundle; includeInIndex = 0; path = AVCaptureTests.xctest; sourceTree = BUILT_PRODUCTS_DIR; };
		4F204CCF2803D6EC006FEA69 /* AVCaptureTests.m */ = {isa = PBXFileReference; lastKnownFileType = sourcecode.c.objc; path = AVCaptureTests.m; sourceTree = "<group>"; };
		4F204CD52803D6EC006FEA69 /* AVCaptureUITests.xctest */ = {isa = PBXFileReference; explicitFileType = wrapper.cfbundle; includeInIndex = 0; path = AVCaptureUITests.xctest; sourceTree = BUILT_PRODUCTS_DIR; };
		4F204CD92803D6EC006FEA69 /* AVCaptureUITests.m */ = {isa = PBXFileReference; lastKnownFileType = sourcecode.c.objc; path = AVCaptureUITests.m; sourceTree = "<group>"; };
		4F204CDB2803D6EC006FEA69 /* AVCaptureUITestsLaunchTests.m */ = {isa = PBXFileReference; lastKnownFileType = sourcecode.c.objc; path = AVCaptureUITestsLaunchTests.m; sourceTree = "<group>"; };
		4F204CE92803E664006FEA69 /* AVFoundation.framework */ = {isa = PBXFileReference; lastKnownFileType = wrapper.framework; name = AVFoundation.framework; path = System/Library/Frameworks/AVFoundation.framework; sourceTree = SDKROOT; };
/* End PBXFileReference section */

/* Begin PBXFrameworksBuildPhase section */
		4F204CAD2803D6EB006FEA69 /* Frameworks */ = {
			isa = PBXFrameworksBuildPhase;
			buildActionMask = 2147483647;
			files = (
				4F204CEA2803E665006FEA69 /* AVFoundation.framework in Frameworks */,
			);
			runOnlyForDeploymentPostprocessing = 0;
		};
		4F204CC82803D6EC006FEA69 /* Frameworks */ = {
			isa = PBXFrameworksBuildPhase;
			buildActionMask = 2147483647;
			files = (
			);
			runOnlyForDeploymentPostprocessing = 0;
		};
		4F204CD22803D6EC006FEA69 /* Frameworks */ = {
			isa = PBXFrameworksBuildPhase;
			buildActionMask = 2147483647;
			files = (
			);
			runOnlyForDeploymentPostprocessing = 0;
		};
/* End PBXFrameworksBuildPhase section */

/* Begin PBXGroup section */
		4F204CA72803D6EB006FEA69 = {
			isa = PBXGroup;
			children = (
				4F204CB22803D6EB006FEA69 /* AVCapture */,
				4F204CCE2803D6EC006FEA69 /* AVCaptureTests */,
				4F204CD82803D6EC006FEA69 /* AVCaptureUITests */,
				4F204CB12803D6EB006FEA69 /* Products */,
				4F204CE82803E664006FEA69 /* Frameworks */,
			);
			sourceTree = "<group>";
		};
		4F204CB12803D6EB006FEA69 /* Products */ = {
			isa = PBXGroup;
			children = (
				4F204CB02803D6EB006FEA69 /* AVCapture.app */,
				4F204CCB2803D6EC006FEA69 /* AVCaptureTests.xctest */,
				4F204CD52803D6EC006FEA69 /* AVCaptureUITests.xctest */,
			);
			name = Products;
			sourceTree = "<group>";
		};
		4F204CB22803D6EB006FEA69 /* AVCapture */ = {
			isa = PBXGroup;
			children = (
				4F204CB32803D6EB006FEA69 /* AppDelegate.h */,
				4F204CB42803D6EB006FEA69 /* AppDelegate.m */,
				4F204CB92803D6EB006FEA69 /* ViewController.h */,
				4F204CBA2803D6EB006FEA69 /* ViewController.m */,
				4F204CBC2803D6EB006FEA69 /* Main.storyboard */,
				4F204CBF2803D6EC006FEA69 /* Assets.xcassets */,
				4F204CC12803D6EC006FEA69 /* LaunchScreen.storyboard */,
				4F204CC42803D6EC006FEA69 /* Info.plist */,
				4F204CC52803D6EC006FEA69 /* main.m */,
			);
			path = AVCapture;
			sourceTree = "<group>";
		};
		4F204CCE2803D6EC006FEA69 /* AVCaptureTests */ = {
			isa = PBXGroup;
			children = (
				4F204CCF2803D6EC006FEA69 /* AVCaptureTests.m */,
			);
			path = AVCaptureTests;
			sourceTree = "<group>";
		};
		4F204CD82803D6EC006FEA69 /* AVCaptureUITests */ = {
			isa = PBXGroup;
			children = (
				4F204CD92803D6EC006FEA69 /* AVCaptureUITests.m */,
				4F204CDB2803D6EC006FEA69 /* AVCaptureUITestsLaunchTests.m */,
			);
			path = AVCaptureUITests;
			sourceTree = "<group>";
		};
		4F204CE82803E664006FEA69 /* Frameworks */ = {
			isa = PBXGroup;
			children = (
				4F204CE92803E664006FEA69 /* AVFoundation.framework */,
			);
			name = Frameworks;
			sourceTree = "<group>";
		};
/* End PBXGroup section */

/* Begin PBXNativeTarget section */
		4F204CAF2803D6EB006FEA69 /* AVCapture */ = {
			isa = PBXNativeTarget;
			buildConfigurationList = 4F204CDF2803D6EC006FEA69 /* Build configuration list for PBXNativeTarget "AVCapture" */;
			buildPhases = (
				4F204CAC2803D6EB006FEA69 /* Sources */,
				4F204CAD2803D6EB006FEA69 /* Frameworks */,
				4F204CAE2803D6EB006FEA69 /* Resources */,
			);
			buildRules = (
			);
			dependencies = (
			);
			name = AVCapture;
			productName = AVCapture;
			productReference = 4F204CB02803D6EB006FEA69 /* AVCapture.app */;
			productType = "com.apple.product-type.application";
		};
		4F204CCA2803D6EC006FEA69 /* AVCaptureTests */ = {
			isa = PBXNativeTarget;
			buildConfigurationList = 4F204CE22803D6EC006FEA69 /* Build configuration list for PBXNativeTarget "AVCaptureTests" */;
			buildPhases = (
				4F204CC72803D6EC006FEA69 /* Sources */,
				4F204CC82803D6EC006FEA69 /* Frameworks */,
				4F204CC92803D6EC006FEA69 /* Resources */,
			);
			buildRules = (
			);
			dependencies = (
				4F204CCD2803D6EC006FEA69 /* PBXTargetDependency */,
			);
			name = AVCaptureTests;
			productName = AVCaptureTests;
			productReference = 4F204CCB2803D6EC006FEA69 /* AVCaptureTests.xctest */;
			productType = "com.apple.product-type.bundle.unit-test";
		};
		4F204CD42803D6EC006FEA69 /* AVCaptureUITests */ = {
			isa = PBXNativeTarget;
			buildConfigurationList = 4F204CE52803D6EC006FEA69 /* Build configuration list for PBXNativeTarget "AVCaptureUITests" */;
			buildPhases = (
				4F204CD12803D6EC006FEA69 /* Sources */,
				4F204CD22803D6EC006FEA69 /* Frameworks */,
				4F204CD32803D6EC006FEA69 /* Resources */,
			);
			buildRules = (
			);
			dependencies = (
				4F204CD72803D6EC006FEA69 /* PBXTargetDependency */,
			);
			name = AVCaptureUITests;
			productName = AVCaptureUITests;
			productReference = 4F204CD52803D6EC006FEA69 /* AVCaptureUITests.xctest */;
			productType = "com.apple.product-type.bundle.ui-testing";
		};
/* End PBXNativeTarget section */

/* Begin PBXProject section */
		4F204CA82803D6EB006FEA69 /* Project object */ = {
			isa = PBXProject;
			attributes = {
				BuildIndependentTargetsInParallel = 1;
				LastUpgradeCheck = 1330;
				TargetAttributes = {
					4F204CAF2803D6EB006FEA69 = {
						CreatedOnToolsVersion = 13.3;
					};
					4F204CCA2803D6EC006FEA69 = {
						CreatedOnToolsVersion = 13.3;
						TestTargetID = 4F204CAF2803D6EB006FEA69;
					};
					4F204CD42803D6EC006FEA69 = {
						CreatedOnToolsVersion = 13.3;
						TestTargetID = 4F204CAF2803D6EB006FEA69;
					};
				};
			};
			buildConfigurationList = 4F204CAB2803D6EB006FEA69 /* Build configuration list for PBXProject "AVCapture" */;
			compatibilityVersion = "Xcode 13.0";
			developmentRegion = en;
			hasScannedForEncodings = 0;
			knownRegions = (
				en,
				Base,
			);
			mainGroup = 4F204CA72803D6EB006FEA69;
			productRefGroup = 4F204CB12803D6EB006FEA69 /* Products */;
			projectDirPath = "";
			projectRoot = "";
			targets = (
				4F204CAF2803D6EB006FEA69 /* AVCapture */,
				4F204CCA2803D6EC006FEA69 /* AVCaptureTests */,
				4F204CD42803D6EC006FEA69 /* AVCaptureUITests */,
			);
		};
/* End PBXProject section */

/* Begin PBXResourcesBuildPhase section */
		4F204CAE2803D6EB006FEA69 /* Resources */ = {
			isa = PBXResourcesBuildPhase;
			buildActionMask = 2147483647;
			files = (
				4F204CC32803D6EC006FEA69 /* LaunchScreen.storyboard in Resources */,
				4F204CC02803D6EC006FEA69 /* Assets.xcassets in Resources */,
				4F204CBE2803D6EB006FEA69 /* Main.storyboard in Resources */,
			);
			runOnlyForDeploymentPostprocessing = 0;
		};
		4F204CC92803D6EC006FEA69 /* Resources */ = {
			isa = PBXResourcesBuildPhase;
			buildActionMask = 2147483647;
			files = (
			);
			runOnlyForDeploymentPostprocessing = 0;
		};
		4F204CD32803D6EC006FEA69 /* Resources */ = {
			isa = PBXResourcesBuildPhase;
			buildActionMask = 2147483647;
			files = (
			);
			runOnlyForDeploymentPostprocessing = 0;
		};
/* End PBXResourcesBuildPhase section */

/* Begin PBXSourcesBuildPhase section */
		4F204CAC2803D6EB006FEA69 /* Sources */ = {
			isa = PBXSourcesBuildPhase;
			buildActionMask = 2147483647;
			files = (
				4F204CED2803EA9A006FEA69 /* ViewController.m in Sources */,
				4F204CB52803D6EB006FEA69 /* AppDelegate.m in Sources */,
				4F204CC62803D6EC006FEA69 /* main.m in Sources */,
			);
			runOnlyForDeploymentPostprocessing = 0;
		};
		4F204CC72803D6EC006FEA69 /* Sources */ = {
			isa = PBXSourcesBuildPhase;
			buildActionMask = 2147483647;
			files = (
				4F204CD02803D6EC006FEA69 /* AVCaptureTests.m in Sources */,
			);
			runOnlyForDeploymentPostprocessing = 0;
		};
		4F204CD12803D6EC006FEA69 /* Sources */ = {
			isa = PBXSourcesBuildPhase;
			buildActionMask = 2147483647;
			files = (
				4F204CDC2803D6EC006FEA69 /* AVCaptureUITestsLaunchTests.m in Sources */,
				4F204CDA2803D6EC006FEA69 /* AVCaptureUITests.m in Sources */,
			);
			runOnlyForDeploymentPostprocessing = 0;
		};
/* End PBXSourcesBuildPhase section */

/* Begin PBXTargetDependency section */
		4F204CCD2803D6EC006FEA69 /* PBXTargetDependency */ = {
			isa = PBXTargetDependency;
			target = 4F204CAF2803D6EB006FEA69 /* AVCapture */;
			targetProxy = 4F204CCC2803D6EC006FEA69 /* PBXContainerItemProxy */;
		};
		4F204CD72803D6EC006FEA69 /* PBXTargetDependency */ = {
			isa = PBXTargetDependency;
			target = 4F204CAF2803D6EB006FEA69 /* AVCapture */;
			targetProxy = 4F204CD62803D6EC006FEA69 /* PBXContainerItemProxy */;
		};
/* End PBXTargetDependency section */

/* Begin PBXVariantGroup section */
		4F204CBC2803D6EB006FEA69 /* Main.storyboard */ = {
			isa = PBXVariantGroup;
			children = (
				4F204CBD2803D6EB006FEA69 /* Base */,
			);
			name = Main.storyboard;
			sourceTree = "<group>";
		};
		4F204CC12803D6EC006FEA69 /* LaunchScreen.storyboard */ = {
			isa = PBXVariantGroup;
			children = (
				4F204CC22803D6EC006FEA69 /* Base */,
			);
			name = LaunchScreen.storyboard;
			sourceTree = "<group>";
		};
/* End PBXVariantGroup section */

/* Begin XCBuildConfiguration section */
		4F204CDD2803D6EC006FEA69 /* Debug */ = {
			isa = XCBuildConfiguration;
			buildSettings = {
				ALWAYS_SEARCH_USER_PATHS = NO;
				CLANG_ANALYZER_NONNULL = YES;
				CLANG_ANALYZER_NUMBER_OBJECT_CONVERSION = YES_AGGRESSIVE;
				CLANG_CXX_LANGUAGE_STANDARD = "gnu++17";
				CLANG_ENABLE_MODULES = YES;
				CLANG_ENABLE_OBJC_ARC = YES;
				CLANG_ENABLE_OBJC_WEAK = YES;
				CLANG_WARN_BLOCK_CAPTURE_AUTORELEASING = YES;
				CLANG_WARN_BOOL_CONVERSION = YES;
				CLANG_WARN_COMMA = YES;
				CLANG_WARN_CONSTANT_CONVERSION = YES;
				CLANG_WARN_DEPRECATED_OBJC_IMPLEMENTATIONS = YES;
				CLANG_WARN_DIRECT_OBJC_ISA_USAGE = YES_ERROR;
				CLANG_WARN_DOCUMENTATION_COMMENTS = YES;
				CLANG_WARN_EMPTY_BODY = YES;
				CLANG_WARN_ENUM_CONVERSION = YES;
				CLANG_WARN_INFINITE_RECURSION = YES;
				CLANG_WARN_INT_CONVERSION = YES;
				CLANG_WARN_NON_LITERAL_NULL_CONVERSION = YES;
				CLANG_WARN_OBJC_IMPLICIT_RETAIN_SELF = YES;
				CLANG_WARN_OBJC_LITERAL_CONVERSION = YES;
				CLANG_WARN_OBJC_ROOT_CLASS = YES_ERROR;
				CLANG_WARN_QUOTED_INCLUDE_IN_FRAMEWORK_HEADER = YES;
				CLANG_WARN_RANGE_LOOP_ANALYSIS = YES;
				CLANG_WARN_STRICT_PROTOTYPES = YES;
				CLANG_WARN_SUSPICIOUS_MOVE = YES;
				CLANG_WARN_UNGUARDED_AVAILABILITY = YES_AGGRESSIVE;
				CLANG_WARN_UNREACHABLE_CODE = YES;
				CLANG_WARN__DUPLICATE_METHOD_MATCH = YES;
				COPY_PHASE_STRIP = NO;
				DEBUG_INFORMATION_FORMAT = dwarf;
				ENABLE_STRICT_OBJC_MSGSEND = YES;
				ENABLE_TESTABILITY = YES;
				GCC_C_LANGUAGE_STANDARD = gnu11;
				GCC_DYNAMIC_NO_PIC = NO;
				GCC_NO_COMMON_BLOCKS = YES;
				GCC_OPTIMIZATION_LEVEL = 0;
				GCC_PREPROCESSOR_DEFINITIONS = (
					"DEBUG=1",
					"$(inherited)",
				);
				GCC_WARN_64_TO_32_BIT_CONVERSION = YES;
				GCC_WARN_ABOUT_RETURN_TYPE = YES_ERROR;
				GCC_WARN_UNDECLARED_SELECTOR = YES;
				GCC_WARN_UNINITIALIZED_AUTOS = YES_AGGRESSIVE;
				GCC_WARN_UNUSED_FUNCTION = YES;
				GCC_WARN_UNUSED_VARIABLE = YES;
				IPHONEOS_DEPLOYMENT_TARGET = 13.0;
				MTL_ENABLE_DEBUG_INFO = INCLUDE_SOURCE;
				MTL_FAST_MATH = YES;
				ONLY_ACTIVE_ARCH = YES;
				SDKROOT = iphoneos;
			};
			name = Debug;
		};
		4F204CDE2803D6EC006FEA69 /* Release */ = {
			isa = XCBuildConfiguration;
			buildSettings = {
				ALWAYS_SEARCH_USER_PATHS = NO;
				CLANG_ANALYZER_NONNULL = YES;
				CLANG_ANALYZER_NUMBER_OBJECT_CONVERSION = YES_AGGRESSIVE;
				CLANG_CXX_LANGUAGE_STANDARD = "gnu++17";
				CLANG_ENABLE_MODULES = YES;
				CLANG_ENABLE_OBJC_ARC = YES;
				CLANG_ENABLE_OBJC_WEAK = YES;
				CLANG_WARN_BLOCK_CAPTURE_AUTORELEASING = YES;
				CLANG_WARN_BOOL_CONVERSION = YES;
				CLANG_WARN_COMMA = YES;
				CLANG_WARN_CONSTANT_CONVERSION = YES;
				CLANG_WARN_DEPRECATED_OBJC_IMPLEMENTATIONS = YES;
				CLANG_WARN_DIRECT_OBJC_ISA_USAGE = YES_ERROR;
				CLANG_WARN_DOCUMENTATION_COMMENTS = YES;
				CLANG_WARN_EMPTY_BODY = YES;
				CLANG_WARN_ENUM_CONVERSION = YES;
				CLANG_WARN_INFINITE_RECURSION = YES;
				CLANG_WARN_INT_CONVERSION = YES;
				CLANG_WARN_NON_LITERAL_NULL_CONVERSION = YES;
				CLANG_WARN_OBJC_IMPLICIT_RETAIN_SELF = YES;
				CLANG_WARN_OBJC_LITERAL_CONVERSION = YES;
				CLANG_WARN_OBJC_ROOT_CLASS = YES_ERROR;
				CLANG_WARN_QUOTED_INCLUDE_IN_FRAMEWORK_HEADER = YES;
				CLANG_WARN_RANGE_LOOP_ANALYSIS = YES;
				CLANG_WARN_STRICT_PROTOTYPES = YES;
				CLANG_WARN_SUSPICIOUS_MOVE = YES;
				CLANG_WARN_UNGUARDED_AVAILABILITY = YES_AGGRESSIVE;
				CLANG_WARN_UNREACHABLE_CODE = YES;
				CLANG_WARN__DUPLICATE_METHOD_MATCH = YES;
				COPY_PHASE_STRIP = NO;
				DEBUG_INFORMATION_FORMAT = "dwarf-with-dsym";
				ENABLE_NS_ASSERTIONS = NO;
				ENABLE_STRICT_OBJC_MSGSEND = YES;
				GCC_C_LANGUAGE_STANDARD = gnu11;
				GCC_NO_COMMON_BLOCKS = YES;
				GCC_WARN_64_TO_32_BIT_CONVERSION = YES;
				GCC_WARN_ABOUT_RETURN_TYPE = YES_ERROR;
				GCC_WARN_UNDECLARED_SELECTOR = YES;
				GCC_WARN_UNINITIALIZED_AUTOS = YES_AGGRESSIVE;
				GCC_WARN_UNUSED_FUNCTION = YES;
				GCC_WARN_UNUSED_VARIABLE = YES;
				IPHONEOS_DEPLOYMENT_TARGET = 13.0;
				MTL_ENABLE_DEBUG_INFO = NO;
				MTL_FAST_MATH = YES;
				SDKROOT = iphoneos;
				VALIDATE_PRODUCT = YES;
			};
			name = Release;
		};
		4F204CE02803D6EC006FEA69 /* Debug */ = {
			isa = XCBuildConfiguration;
			buildSettings = {
				ASSETCATALOG_COMPILER_APPICON_NAME = AppIcon;
				ASSETCATALOG_COMPILER_GLOBAL_ACCENT_COLOR_NAME = AccentColor;
				CODE_SIGN_STYLE = Automatic;
				CURRENT_PROJECT_VERSION = 1;
				DEVELOPMENT_TEAM = 79YNH6CFRS;
				GENERATE_INFOPLIST_FILE = YES;
				INFOPLIST_FILE = AVCapture/Info.plist;
				INFOPLIST_KEY_NSCameraUsageDescription = "use camera";
				INFOPLIST_KEY_UIApplicationSupportsIndirectInputEvents = YES;
				INFOPLIST_KEY_UILaunchStoryboardName = LaunchScreen;
				INFOPLIST_KEY_UIMainStoryboardFile = Main;
				INFOPLIST_KEY_UISupportedInterfaceOrientations_iPad = "UIInterfaceOrientationPortrait UIInterfaceOrientationPortraitUpsideDown UIInterfaceOrientationLandscapeLeft UIInterfaceOrientationLandscapeRight";
				INFOPLIST_KEY_UISupportedInterfaceOrientations_iPhone = "UIInterfaceOrientationPortrait UIInterfaceOrientationLandscapeLeft UIInterfaceOrientationLandscapeRight";
				LD_RUNPATH_SEARCH_PATHS = (
					"$(inherited)",
					"@executable_path/Frameworks",
				);
				MARKETING_VERSION = 1.0;
				PRODUCT_BUNDLE_IDENTIFIER = com.delims.AVCapture;
				PRODUCT_NAME = "$(TARGET_NAME)";
				SWIFT_EMIT_LOC_STRINGS = YES;
				TARGETED_DEVICE_FAMILY = "1,2";
			};
			name = Debug;
		};
		4F204CE12803D6EC006FEA69 /* Release */ = {
			isa = XCBuildConfiguration;
			buildSettings = {
				ASSETCATALOG_COMPILER_APPICON_NAME = AppIcon;
				ASSETCATALOG_COMPILER_GLOBAL_ACCENT_COLOR_NAME = AccentColor;
				CODE_SIGN_STYLE = Automatic;
				CURRENT_PROJECT_VERSION = 1;
				DEVELOPMENT_TEAM = 79YNH6CFRS;
				GENERATE_INFOPLIST_FILE = YES;
				INFOPLIST_FILE = AVCapture/Info.plist;
				INFOPLIST_KEY_NSCameraUsageDescription = "use camera";
				INFOPLIST_KEY_UIApplicationSupportsIndirectInputEvents = YES;
				INFOPLIST_KEY_UILaunchStoryboardName = LaunchScreen;
				INFOPLIST_KEY_UIMainStoryboardFile = Main;
				INFOPLIST_KEY_UISupportedInterfaceOrientations_iPad = "UIInterfaceOrientationPortrait UIInterfaceOrientationPortraitUpsideDown UIInterfaceOrientationLandscapeLeft UIInterfaceOrientationLandscapeRight";
				INFOPLIST_KEY_UISupportedInterfaceOrientations_iPhone = "UIInterfaceOrientationPortrait UIInterfaceOrientationLandscapeLeft UIInterfaceOrientationLandscapeRight";
				LD_RUNPATH_SEARCH_PATHS = (
					"$(inherited)",
					"@executable_path/Frameworks",
				);
				MARKETING_VERSION = 1.0;
				PRODUCT_BUNDLE_IDENTIFIER = com.delims.AVCapture;
				PRODUCT_NAME = "$(TARGET_NAME)";
				SWIFT_EMIT_LOC_STRINGS = YES;
				TARGETED_DEVICE_FAMILY = "1,2";
			};
			name = Release;
		};
		4F204CE32803D6EC006FEA69 /* Debug */ = {
			isa = XCBuildConfiguration;
			buildSettings = {
				BUNDLE_LOADER = "$(TEST_HOST)";
				CODE_SIGN_STYLE = Automatic;
				CURRENT_PROJECT_VERSION = 1;
				DEVELOPMENT_TEAM = 79YNH6CFRS;
				GENERATE_INFOPLIST_FILE = YES;
				IPHONEOS_DEPLOYMENT_TARGET = 15.4;
				MARKETING_VERSION = 1.0;
				PRODUCT_BUNDLE_IDENTIFIER = com.delims.AVCaptureTests;
				PRODUCT_NAME = "$(TARGET_NAME)";
				SWIFT_EMIT_LOC_STRINGS = NO;
				TARGETED_DEVICE_FAMILY = "1,2";
				TEST_HOST = "$(BUILT_PRODUCTS_DIR)/AVCapture.app/AVCapture";
			};
			name = Debug;
		};
		4F204CE42803D6EC006FEA69 /* Release */ = {
			isa = XCBuildConfiguration;
			buildSettings = {
				BUNDLE_LOADER = "$(TEST_HOST)";
				CODE_SIGN_STYLE = Automatic;
				CURRENT_PROJECT_VERSION = 1;
				DEVELOPMENT_TEAM = 79YNH6CFRS;
				GENERATE_INFOPLIST_FILE = YES;
				IPHONEOS_DEPLOYMENT_TARGET = 15.4;
				MARKETING_VERSION = 1.0;
				PRODUCT_BUNDLE_IDENTIFIER = com.delims.AVCaptureTests;
				PRODUCT_NAME = "$(TARGET_NAME)";
				SWIFT_EMIT_LOC_STRINGS = NO;
				TARGETED_DEVICE_FAMILY = "1,2";
				TEST_HOST = "$(BUILT_PRODUCTS_DIR)/AVCapture.app/AVCapture";
			};
			name = Release;
		};
		4F204CE62803D6EC006FEA69 /* Debug */ = {
			isa = XCBuildConfiguration;
			buildSettings = {
				CODE_SIGN_STYLE = Automatic;
				CURRENT_PROJECT_VERSION = 1;
				DEVELOPMENT_TEAM = 79YNH6CFRS;
				GENERATE_INFOPLIST_FILE = YES;
				MARKETING_VERSION = 1.0;
				PRODUCT_BUNDLE_IDENTIFIER = com.delims.AVCaptureUITests;
				PRODUCT_NAME = "$(TARGET_NAME)";
				SWIFT_EMIT_LOC_STRINGS = NO;
				TARGETED_DEVICE_FAMILY = "1,2";
				TEST_TARGET_NAME = AVCapture;
			};
			name = Debug;
		};
		4F204CE72803D6EC006FEA69 /* Release */ = {
			isa = XCBuildConfiguration;
			buildSettings = {
				CODE_SIGN_STYLE = Automatic;
				CURRENT_PROJECT_VERSION = 1;
				DEVELOPMENT_TEAM = 79YNH6CFRS;
				GENERATE_INFOPLIST_FILE = YES;
				MARKETING_VERSION = 1.0;
				PRODUCT_BUNDLE_IDENTIFIER = com.delims.AVCaptureUITests;
				PRODUCT_NAME = "$(TARGET_NAME)";
				SWIFT_EMIT_LOC_STRINGS = NO;
				TARGETED_DEVICE_FAMILY = "1,2";
				TEST_TARGET_NAME = AVCapture;
			};
			name = Release;
		};
/* End XCBuildConfiguration section */

/* Begin XCConfigurationList section */
		4F204CAB2803D6EB006FEA69 /* Build configuration list for PBXProject "AVCapture" */ = {
			isa = XCConfigurationList;
			buildConfigurations = (
				4F204CDD2803D6EC006FEA69 /* Debug */,
				4F204CDE2803D6EC006FEA69 /* Release */,
			);
			defaultConfigurationIsVisible = 0;
			defaultConfigurationName = Release;
		};
		4F204CDF2803D6EC006FEA69 /* Build configuration list for PBXNativeTarget "AVCapture" */ = {
			isa = XCConfigurationList;
			buildConfigurations = (
				4F204CE02803D6EC006FEA69 /* Debug */,
				4F204CE12803D6EC006FEA69 /* Release */,
			);
			defaultConfigurationIsVisible = 0;
			defaultConfigurationName = Release;
		};
		4F204CE22803D6EC006FEA69 /* Build configuration list for PBXNativeTarget "AVCaptureTests" */ = {
			isa = XCConfigurationList;
			buildConfigurations = (
				4F204CE32803D6EC006FEA69 /* Debug */,
				4F204CE42803D6EC006FEA69 /* Release */,
			);
			defaultConfigurationIsVisible = 0;
			defaultConfigurationName = Release;
		};
		4F204CE52803D6EC006FEA69 /* Build configuration list for PBXNativeTarget "AVCaptureUITests" */ = {
			isa = XCConfigurationList;
			buildConfigurations = (
				4F204CE62803D6EC006FEA69 /* Debug */,
				4F204CE72803D6EC006FEA69 /* Release */,
			);
			defaultConfigurationIsVisible = 0;
			defaultConfigurationName = Release;
		};
/* End XCConfigurationList section */
	};
	rootObject = 4F204CA82803D6EB006FEA69 /* Project object */;
}
