// !$*UTF8*$!
{
	archiveVersion = 1;
	classes = {
	};
	objectVersion = 55;
	objects = {

/* Begin PBXBuildFile section */
		4FBC742427F5D43C000FDE45 /* AppDelegate.m in Sources */ = {isa = PBXBuildFile; fileRef = 4FBC742327F5D43C000FDE45 /* AppDelegate.m */; };
		4FBC742727F5D43C000FDE45 /* SceneDelegate.m in Sources */ = {isa = PBXBuildFile; fileRef = 4FBC742627F5D43C000FDE45 /* SceneDelegate.m */; };
		4FBC742A27F5D43C000FDE45 /* ViewController.m in Sources */ = {isa = PBXBuildFile; fileRef = 4FBC742927F5D43C000FDE45 /* ViewController.m */; };
		4FBC742D27F5D43C000FDE45 /* Main.storyboard in Resources */ = {isa = PBXBuildFile; fileRef = 4FBC742B27F5D43C000FDE45 /* Main.storyboard */; };
		4FBC742F27F5D43D000FDE45 /* Assets.xcassets in Resources */ = {isa = PBXBuildFile; fileRef = 4FBC742E27F5D43D000FDE45 /* Assets.xcassets */; };
		4FBC743227F5D43D000FDE45 /* LaunchScreen.storyboard in Resources */ = {isa = PBXBuildFile; fileRef = 4FBC743027F5D43D000FDE45 /* LaunchScreen.storyboard */; };
		4FBC743527F5D43D000FDE45 /* main.m in Sources */ = {isa = PBXBuildFile; fileRef = 4FBC743427F5D43D000FDE45 /* main.m */; };
		4FBC743F27F5D43E000FDE45 /* dispatchTests.m in Sources */ = {isa = PBXBuildFile; fileRef = 4FBC743E27F5D43E000FDE45 /* dispatchTests.m */; };
		4FBC744927F5D43E000FDE45 /* dispatchUITests.m in Sources */ = {isa = PBXBuildFile; fileRef = 4FBC744827F5D43E000FDE45 /* dispatchUITests.m */; };
		4FBC744B27F5D43E000FDE45 /* dispatchUITestsLaunchTests.m in Sources */ = {isa = PBXBuildFile; fileRef = 4FBC744A27F5D43E000FDE45 /* dispatchUITestsLaunchTests.m */; };
/* End PBXBuildFile section */

/* Begin PBXContainerItemProxy section */
		4FBC743B27F5D43E000FDE45 /* PBXContainerItemProxy */ = {
			isa = PBXContainerItemProxy;
			containerPortal = 4FBC741727F5D43C000FDE45 /* Project object */;
			proxyType = 1;
			remoteGlobalIDString = 4FBC741E27F5D43C000FDE45;
			remoteInfo = dispatch;
		};
		4FBC744527F5D43E000FDE45 /* PBXContainerItemProxy */ = {
			isa = PBXContainerItemProxy;
			containerPortal = 4FBC741727F5D43C000FDE45 /* Project object */;
			proxyType = 1;
			remoteGlobalIDString = 4FBC741E27F5D43C000FDE45;
			remoteInfo = dispatch;
		};
/* End PBXContainerItemProxy section */

/* Begin PBXFileReference section */
		4FBC741F27F5D43C000FDE45 /* dispatch.app */ = {isa = PBXFileReference; explicitFileType = wrapper.application; includeInIndex = 0; path = dispatch.app; sourceTree = BUILT_PRODUCTS_DIR; };
		4FBC742227F5D43C000FDE45 /* AppDelegate.h */ = {isa = PBXFileReference; lastKnownFileType = sourcecode.c.h; path = AppDelegate.h; sourceTree = "<group>"; };
		4FBC742327F5D43C000FDE45 /* AppDelegate.m */ = {isa = PBXFileReference; lastKnownFileType = sourcecode.c.objc; path = AppDelegate.m; sourceTree = "<group>"; };
		4FBC742527F5D43C000FDE45 /* SceneDelegate.h */ = {isa = PBXFileReference; lastKnownFileType = sourcecode.c.h; path = SceneDelegate.h; sourceTree = "<group>"; };
		4FBC742627F5D43C000FDE45 /* SceneDelegate.m */ = {isa = PBXFileReference; lastKnownFileType = sourcecode.c.objc; path = SceneDelegate.m; sourceTree = "<group>"; };
		4FBC742827F5D43C000FDE45 /* ViewController.h */ = {isa = PBXFileReference; lastKnownFileType = sourcecode.c.h; path = ViewController.h; sourceTree = "<group>"; };
		4FBC742927F5D43C000FDE45 /* ViewController.m */ = {isa = PBXFileReference; lastKnownFileType = sourcecode.c.objc; path = ViewController.m; sourceTree = "<group>"; };
		4FBC742C27F5D43C000FDE45 /* Base */ = {isa = PBXFileReference; lastKnownFileType = file.storyboard; name = Base; path = Base.lproj/Main.storyboard; sourceTree = "<group>"; };
		4FBC742E27F5D43D000FDE45 /* Assets.xcassets */ = {isa = PBXFileReference; lastKnownFileType = folder.assetcatalog; path = Assets.xcassets; sourceTree = "<group>"; };
		4FBC743127F5D43D000FDE45 /* Base */ = {isa = PBXFileReference; lastKnownFileType = file.storyboard; name = Base; path = Base.lproj/LaunchScreen.storyboard; sourceTree = "<group>"; };
		4FBC743327F5D43D000FDE45 /* Info.plist */ = {isa = PBXFileReference; lastKnownFileType = text.plist.xml; path = Info.plist; sourceTree = "<group>"; };
		4FBC743427F5D43D000FDE45 /* main.m */ = {isa = PBXFileReference; lastKnownFileType = sourcecode.c.objc; path = main.m; sourceTree = "<group>"; };
		4FBC743A27F5D43E000FDE45 /* dispatchTests.xctest */ = {isa = PBXFileReference; explicitFileType = wrapper.cfbundle; includeInIndex = 0; path = dispatchTests.xctest; sourceTree = BUILT_PRODUCTS_DIR; };
		4FBC743E27F5D43E000FDE45 /* dispatchTests.m */ = {isa = PBXFileReference; lastKnownFileType = sourcecode.c.objc; path = dispatchTests.m; sourceTree = "<group>"; };
		4FBC744427F5D43E000FDE45 /* dispatchUITests.xctest */ = {isa = PBXFileReference; explicitFileType = wrapper.cfbundle; includeInIndex = 0; path = dispatchUITests.xctest; sourceTree = BUILT_PRODUCTS_DIR; };
		4FBC744827F5D43E000FDE45 /* dispatchUITests.m */ = {isa = PBXFileReference; lastKnownFileType = sourcecode.c.objc; path = dispatchUITests.m; sourceTree = "<group>"; };
		4FBC744A27F5D43E000FDE45 /* dispatchUITestsLaunchTests.m */ = {isa = PBXFileReference; lastKnownFileType = sourcecode.c.objc; path = dispatchUITestsLaunchTests.m; sourceTree = "<group>"; };
/* End PBXFileReference section */

/* Begin PBXFrameworksBuildPhase section */
		4FBC741C27F5D43C000FDE45 /* Frameworks */ = {
			isa = PBXFrameworksBuildPhase;
			buildActionMask = 2147483647;
			files = (
			);
			runOnlyForDeploymentPostprocessing = 0;
		};
		4FBC743727F5D43E000FDE45 /* Frameworks */ = {
			isa = PBXFrameworksBuildPhase;
			buildActionMask = 2147483647;
			files = (
			);
			runOnlyForDeploymentPostprocessing = 0;
		};
		4FBC744127F5D43E000FDE45 /* Frameworks */ = {
			isa = PBXFrameworksBuildPhase;
			buildActionMask = 2147483647;
			files = (
			);
			runOnlyForDeploymentPostprocessing = 0;
		};
/* End PBXFrameworksBuildPhase section */

/* Begin PBXGroup section */
		4FBC741627F5D43C000FDE45 = {
			isa = PBXGroup;
			children = (
				4FBC742127F5D43C000FDE45 /* dispatch */,
				4FBC743D27F5D43E000FDE45 /* dispatchTests */,
				4FBC744727F5D43E000FDE45 /* dispatchUITests */,
				4FBC742027F5D43C000FDE45 /* Products */,
			);
			sourceTree = "<group>";
		};
		4FBC742027F5D43C000FDE45 /* Products */ = {
			isa = PBXGroup;
			children = (
				4FBC741F27F5D43C000FDE45 /* dispatch.app */,
				4FBC743A27F5D43E000FDE45 /* dispatchTests.xctest */,
				4FBC744427F5D43E000FDE45 /* dispatchUITests.xctest */,
			);
			name = Products;
			sourceTree = "<group>";
		};
		4FBC742127F5D43C000FDE45 /* dispatch */ = {
			isa = PBXGroup;
			children = (
				4FBC742227F5D43C000FDE45 /* AppDelegate.h */,
				4FBC742327F5D43C000FDE45 /* AppDelegate.m */,
				4FBC742527F5D43C000FDE45 /* SceneDelegate.h */,
				4FBC742627F5D43C000FDE45 /* SceneDelegate.m */,
				4FBC742827F5D43C000FDE45 /* ViewController.h */,
				4FBC742927F5D43C000FDE45 /* ViewController.m */,
				4FBC742B27F5D43C000FDE45 /* Main.storyboard */,
				4FBC742E27F5D43D000FDE45 /* Assets.xcassets */,
				4FBC743027F5D43D000FDE45 /* LaunchScreen.storyboard */,
				4FBC743327F5D43D000FDE45 /* Info.plist */,
				4FBC743427F5D43D000FDE45 /* main.m */,
			);
			path = dispatch;
			sourceTree = "<group>";
		};
		4FBC743D27F5D43E000FDE45 /* dispatchTests */ = {
			isa = PBXGroup;
			children = (
				4FBC743E27F5D43E000FDE45 /* dispatchTests.m */,
			);
			path = dispatchTests;
			sourceTree = "<group>";
		};
		4FBC744727F5D43E000FDE45 /* dispatchUITests */ = {
			isa = PBXGroup;
			children = (
				4FBC744827F5D43E000FDE45 /* dispatchUITests.m */,
				4FBC744A27F5D43E000FDE45 /* dispatchUITestsLaunchTests.m */,
			);
			path = dispatchUITests;
			sourceTree = "<group>";
		};
/* End PBXGroup section */

/* Begin PBXNativeTarget section */
		4FBC741E27F5D43C000FDE45 /* dispatch */ = {
			isa = PBXNativeTarget;
			buildConfigurationList = 4FBC744E27F5D43E000FDE45 /* Build configuration list for PBXNativeTarget "dispatch" */;
			buildPhases = (
				4FBC741B27F5D43C000FDE45 /* Sources */,
				4FBC741C27F5D43C000FDE45 /* Frameworks */,
				4FBC741D27F5D43C000FDE45 /* Resources */,
			);
			buildRules = (
			);
			dependencies = (
			);
			name = dispatch;
			productName = dispatch;
			productReference = 4FBC741F27F5D43C000FDE45 /* dispatch.app */;
			productType = "com.apple.product-type.application";
		};
		4FBC743927F5D43E000FDE45 /* dispatchTests */ = {
			isa = PBXNativeTarget;
			buildConfigurationList = 4FBC745127F5D43E000FDE45 /* Build configuration list for PBXNativeTarget "dispatchTests" */;
			buildPhases = (
				4FBC743627F5D43E000FDE45 /* Sources */,
				4FBC743727F5D43E000FDE45 /* Frameworks */,
				4FBC743827F5D43E000FDE45 /* Resources */,
			);
			buildRules = (
			);
			dependencies = (
				4FBC743C27F5D43E000FDE45 /* PBXTargetDependency */,
			);
			name = dispatchTests;
			productName = dispatchTests;
			productReference = 4FBC743A27F5D43E000FDE45 /* dispatchTests.xctest */;
			productType = "com.apple.product-type.bundle.unit-test";
		};
		4FBC744327F5D43E000FDE45 /* dispatchUITests */ = {
			isa = PBXNativeTarget;
			buildConfigurationList = 4FBC745427F5D43E000FDE45 /* Build configuration list for PBXNativeTarget "dispatchUITests" */;
			buildPhases = (
				4FBC744027F5D43E000FDE45 /* Sources */,
				4FBC744127F5D43E000FDE45 /* Frameworks */,
				4FBC744227F5D43E000FDE45 /* Resources */,
			);
			buildRules = (
			);
			dependencies = (
				4FBC744627F5D43E000FDE45 /* PBXTargetDependency */,
			);
			name = dispatchUITests;
			productName = dispatchUITests;
			productReference = 4FBC744427F5D43E000FDE45 /* dispatchUITests.xctest */;
			productType = "com.apple.product-type.bundle.ui-testing";
		};
/* End PBXNativeTarget section */

/* Begin PBXProject section */
		4FBC741727F5D43C000FDE45 /* Project object */ = {
			isa = PBXProject;
			attributes = {
				BuildIndependentTargetsInParallel = 1;
				LastUpgradeCheck = 1330;
				TargetAttributes = {
					4FBC741E27F5D43C000FDE45 = {
						CreatedOnToolsVersion = 13.3;
					};
					4FBC743927F5D43E000FDE45 = {
						CreatedOnToolsVersion = 13.3;
						TestTargetID = 4FBC741E27F5D43C000FDE45;
					};
					4FBC744327F5D43E000FDE45 = {
						CreatedOnToolsVersion = 13.3;
						TestTargetID = 4FBC741E27F5D43C000FDE45;
					};
				};
			};
			buildConfigurationList = 4FBC741A27F5D43C000FDE45 /* Build configuration list for PBXProject "dispatch" */;
			compatibilityVersion = "Xcode 13.0";
			developmentRegion = en;
			hasScannedForEncodings = 0;
			knownRegions = (
				en,
				Base,
			);
			mainGroup = 4FBC741627F5D43C000FDE45;
			productRefGroup = 4FBC742027F5D43C000FDE45 /* Products */;
			projectDirPath = "";
			projectRoot = "";
			targets = (
				4FBC741E27F5D43C000FDE45 /* dispatch */,
				4FBC743927F5D43E000FDE45 /* dispatchTests */,
				4FBC744327F5D43E000FDE45 /* dispatchUITests */,
			);
		};
/* End PBXProject section */

/* Begin PBXResourcesBuildPhase section */
		4FBC741D27F5D43C000FDE45 /* Resources */ = {
			isa = PBXResourcesBuildPhase;
			buildActionMask = 2147483647;
			files = (
				4FBC743227F5D43D000FDE45 /* LaunchScreen.storyboard in Resources */,
				4FBC742F27F5D43D000FDE45 /* Assets.xcassets in Resources */,
				4FBC742D27F5D43C000FDE45 /* Main.storyboard in Resources */,
			);
			runOnlyForDeploymentPostprocessing = 0;
		};
		4FBC743827F5D43E000FDE45 /* Resources */ = {
			isa = PBXResourcesBuildPhase;
			buildActionMask = 2147483647;
			files = (
			);
			runOnlyForDeploymentPostprocessing = 0;
		};
		4FBC744227F5D43E000FDE45 /* Resources */ = {
			isa = PBXResourcesBuildPhase;
			buildActionMask = 2147483647;
			files = (
			);
			runOnlyForDeploymentPostprocessing = 0;
		};
/* End PBXResourcesBuildPhase section */

/* Begin PBXSourcesBuildPhase section */
		4FBC741B27F5D43C000FDE45 /* Sources */ = {
			isa = PBXSourcesBuildPhase;
			buildActionMask = 2147483647;
			files = (
				4FBC742A27F5D43C000FDE45 /* ViewController.m in Sources */,
				4FBC742427F5D43C000FDE45 /* AppDelegate.m in Sources */,
				4FBC743527F5D43D000FDE45 /* main.m in Sources */,
				4FBC742727F5D43C000FDE45 /* SceneDelegate.m in Sources */,
			);
			runOnlyForDeploymentPostprocessing = 0;
		};
		4FBC743627F5D43E000FDE45 /* Sources */ = {
			isa = PBXSourcesBuildPhase;
			buildActionMask = 2147483647;
			files = (
				4FBC743F27F5D43E000FDE45 /* dispatchTests.m in Sources */,
			);
			runOnlyForDeploymentPostprocessing = 0;
		};
		4FBC744027F5D43E000FDE45 /* Sources */ = {
			isa = PBXSourcesBuildPhase;
			buildActionMask = 2147483647;
			files = (
				4FBC744B27F5D43E000FDE45 /* dispatchUITestsLaunchTests.m in Sources */,
				4FBC744927F5D43E000FDE45 /* dispatchUITests.m in Sources */,
			);
			runOnlyForDeploymentPostprocessing = 0;
		};
/* End PBXSourcesBuildPhase section */

/* Begin PBXTargetDependency section */
		4FBC743C27F5D43E000FDE45 /* PBXTargetDependency */ = {
			isa = PBXTargetDependency;
			target = 4FBC741E27F5D43C000FDE45 /* dispatch */;
			targetProxy = 4FBC743B27F5D43E000FDE45 /* PBXContainerItemProxy */;
		};
		4FBC744627F5D43E000FDE45 /* PBXTargetDependency */ = {
			isa = PBXTargetDependency;
			target = 4FBC741E27F5D43C000FDE45 /* dispatch */;
			targetProxy = 4FBC744527F5D43E000FDE45 /* PBXContainerItemProxy */;
		};
/* End PBXTargetDependency section */

/* Begin PBXVariantGroup section */
		4FBC742B27F5D43C000FDE45 /* Main.storyboard */ = {
			isa = PBXVariantGroup;
			children = (
				4FBC742C27F5D43C000FDE45 /* Base */,
			);
			name = Main.storyboard;
			sourceTree = "<group>";
		};
		4FBC743027F5D43D000FDE45 /* LaunchScreen.storyboard */ = {
			isa = PBXVariantGroup;
			children = (
				4FBC743127F5D43D000FDE45 /* Base */,
			);
			name = LaunchScreen.storyboard;
			sourceTree = "<group>";
		};
/* End PBXVariantGroup section */

/* Begin XCBuildConfiguration section */
		4FBC744C27F5D43E000FDE45 /* Debug */ = {
			isa = XCBuildConfiguration;
			buildSettings = {
				ALWAYS_SEARCH_USER_PATHS = NO;
				CLANG_ANALYZER_NONNULL = YES;
				CLANG_ANALYZER_NUMBER_OBJECT_CONVERSION = YES_AGGRESSIVE;
				CLANG_CXX_LANGUAGE_STANDARD = "gnu++17";
				CLANG_ENABLE_MODULES = YES;
				CLANG_ENABLE_OBJC_ARC = YES;
				CLANG_ENABLE_OBJC_WEAK = YES;
				CLANG_WARN_BLOCK_CAPTURE_AUTORELEASING = YES;
				CLANG_WARN_BOOL_CONVERSION = YES;
				CLANG_WARN_COMMA = YES;
				CLANG_WARN_CONSTANT_CONVERSION = YES;
				CLANG_WARN_DEPRECATED_OBJC_IMPLEMENTATIONS = YES;
				CLANG_WARN_DIRECT_OBJC_ISA_USAGE = YES_ERROR;
				CLANG_WARN_DOCUMENTATION_COMMENTS = YES;
				CLANG_WARN_EMPTY_BODY = YES;
				CLANG_WARN_ENUM_CONVERSION = YES;
				CLANG_WARN_INFINITE_RECURSION = YES;
				CLANG_WARN_INT_CONVERSION = YES;
				CLANG_WARN_NON_LITERAL_NULL_CONVERSION = YES;
				CLANG_WARN_OBJC_IMPLICIT_RETAIN_SELF = YES;
				CLANG_WARN_OBJC_LITERAL_CONVERSION = YES;
				CLANG_WARN_OBJC_ROOT_CLASS = YES_ERROR;
				CLANG_WARN_QUOTED_INCLUDE_IN_FRAMEWORK_HEADER = YES;
				CLANG_WARN_RANGE_LOOP_ANALYSIS = YES;
				CLANG_WARN_STRICT_PROTOTYPES = YES;
				CLANG_WARN_SUSPICIOUS_MOVE = YES;
				CLANG_WARN_UNGUARDED_AVAILABILITY = YES_AGGRESSIVE;
				CLANG_WARN_UNREACHABLE_CODE = YES;
				CLANG_WARN__DUPLICATE_METHOD_MATCH = YES;
				COPY_PHASE_STRIP = NO;
				DEBUG_INFORMATION_FORMAT = dwarf;
				ENABLE_STRICT_OBJC_MSGSEND = YES;
				ENABLE_TESTABILITY = YES;
				GCC_C_LANGUAGE_STANDARD = gnu11;
				GCC_DYNAMIC_NO_PIC = NO;
				GCC_NO_COMMON_BLOCKS = YES;
				GCC_OPTIMIZATION_LEVEL = 0;
				GCC_PREPROCESSOR_DEFINITIONS = (
					"DEBUG=1",
					"$(inherited)",
				);
				GCC_WARN_64_TO_32_BIT_CONVERSION = YES;
				GCC_WARN_ABOUT_RETURN_TYPE = YES_ERROR;
				GCC_WARN_UNDECLARED_SELECTOR = YES;
				GCC_WARN_UNINITIALIZED_AUTOS = YES_AGGRESSIVE;
				GCC_WARN_UNUSED_FUNCTION = YES;
				GCC_WARN_UNUSED_VARIABLE = YES;
				IPHONEOS_DEPLOYMENT_TARGET = 15.4;
				MTL_ENABLE_DEBUG_INFO = INCLUDE_SOURCE;
				MTL_FAST_MATH = YES;
				ONLY_ACTIVE_ARCH = YES;
				SDKROOT = iphoneos;
			};
			name = Debug;
		};
		4FBC744D27F5D43E000FDE45 /* Release */ = {
			isa = XCBuildConfiguration;
			buildSettings = {
				ALWAYS_SEARCH_USER_PATHS = NO;
				CLANG_ANALYZER_NONNULL = YES;
				CLANG_ANALYZER_NUMBER_OBJECT_CONVERSION = YES_AGGRESSIVE;
				CLANG_CXX_LANGUAGE_STANDARD = "gnu++17";
				CLANG_ENABLE_MODULES = YES;
				CLANG_ENABLE_OBJC_ARC = YES;
				CLANG_ENABLE_OBJC_WEAK = YES;
				CLANG_WARN_BLOCK_CAPTURE_AUTORELEASING = YES;
				CLANG_WARN_BOOL_CONVERSION = YES;
				CLANG_WARN_COMMA = YES;
				CLANG_WARN_CONSTANT_CONVERSION = YES;
				CLANG_WARN_DEPRECATED_OBJC_IMPLEMENTATIONS = YES;
				CLANG_WARN_DIRECT_OBJC_ISA_USAGE = YES_ERROR;
				CLANG_WARN_DOCUMENTATION_COMMENTS = YES;
				CLANG_WARN_EMPTY_BODY = YES;
				CLANG_WARN_ENUM_CONVERSION = YES;
				CLANG_WARN_INFINITE_RECURSION = YES;
				CLANG_WARN_INT_CONVERSION = YES;
				CLANG_WARN_NON_LITERAL_NULL_CONVERSION = YES;
				CLANG_WARN_OBJC_IMPLICIT_RETAIN_SELF = YES;
				CLANG_WARN_OBJC_LITERAL_CONVERSION = YES;
				CLANG_WARN_OBJC_ROOT_CLASS = YES_ERROR;
				CLANG_WARN_QUOTED_INCLUDE_IN_FRAMEWORK_HEADER = YES;
				CLANG_WARN_RANGE_LOOP_ANALYSIS = YES;
				CLANG_WARN_STRICT_PROTOTYPES = YES;
				CLANG_WARN_SUSPICIOUS_MOVE = YES;
				CLANG_WARN_UNGUARDED_AVAILABILITY = YES_AGGRESSIVE;
				CLANG_WARN_UNREACHABLE_CODE = YES;
				CLANG_WARN__DUPLICATE_METHOD_MATCH = YES;
				COPY_PHASE_STRIP = NO;
				DEBUG_INFORMATION_FORMAT = "dwarf-with-dsym";
				ENABLE_NS_ASSERTIONS = NO;
				ENABLE_STRICT_OBJC_MSGSEND = YES;
				GCC_C_LANGUAGE_STANDARD = gnu11;
				GCC_NO_COMMON_BLOCKS = YES;
				GCC_WARN_64_TO_32_BIT_CONVERSION = YES;
				GCC_WARN_ABOUT_RETURN_TYPE = YES_ERROR;
				GCC_WARN_UNDECLARED_SELECTOR = YES;
				GCC_WARN_UNINITIALIZED_AUTOS = YES_AGGRESSIVE;
				GCC_WARN_UNUSED_FUNCTION = YES;
				GCC_WARN_UNUSED_VARIABLE = YES;
				IPHONEOS_DEPLOYMENT_TARGET = 15.4;
				MTL_ENABLE_DEBUG_INFO = NO;
				MTL_FAST_MATH = YES;
				SDKROOT = iphoneos;
				VALIDATE_PRODUCT = YES;
			};
			name = Release;
		};
		4FBC744F27F5D43E000FDE45 /* Debug */ = {
			isa = XCBuildConfiguration;
			buildSettings = {
				ASSETCATALOG_COMPILER_APPICON_NAME = AppIcon;
				ASSETCATALOG_COMPILER_GLOBAL_ACCENT_COLOR_NAME = AccentColor;
				CODE_SIGN_STYLE = Automatic;
				CURRENT_PROJECT_VERSION = 1;
				DEVELOPMENT_TEAM = 79YNH6CFRS;
				GENERATE_INFOPLIST_FILE = YES;
				INFOPLIST_FILE = dispatch/Info.plist;
				INFOPLIST_KEY_UIApplicationSupportsIndirectInputEvents = YES;
				INFOPLIST_KEY_UILaunchStoryboardName = LaunchScreen;
				INFOPLIST_KEY_UIMainStoryboardFile = Main;
				INFOPLIST_KEY_UISupportedInterfaceOrientations_iPad = "UIInterfaceOrientationPortrait UIInterfaceOrientationPortraitUpsideDown UIInterfaceOrientationLandscapeLeft UIInterfaceOrientationLandscapeRight";
				INFOPLIST_KEY_UISupportedInterfaceOrientations_iPhone = "UIInterfaceOrientationPortrait UIInterfaceOrientationLandscapeLeft UIInterfaceOrientationLandscapeRight";
				LD_RUNPATH_SEARCH_PATHS = (
					"$(inherited)",
					"@executable_path/Frameworks",
				);
				MARKETING_VERSION = 1.0;
				PRODUCT_BUNDLE_IDENTIFIER = com.delims.dispatch;
				PRODUCT_NAME = "$(TARGET_NAME)";
				SWIFT_EMIT_LOC_STRINGS = YES;
				TARGETED_DEVICE_FAMILY = "1,2";
			};
			name = Debug;
		};
		4FBC745027F5D43E000FDE45 /* Release */ = {
			isa = XCBuildConfiguration;
			buildSettings = {
				ASSETCATALOG_COMPILER_APPICON_NAME = AppIcon;
				ASSETCATALOG_COMPILER_GLOBAL_ACCENT_COLOR_NAME = AccentColor;
				CODE_SIGN_STYLE = Automatic;
				CURRENT_PROJECT_VERSION = 1;
				DEVELOPMENT_TEAM = 79YNH6CFRS;
				GENERATE_INFOPLIST_FILE = YES;
				INFOPLIST_FILE = dispatch/Info.plist;
				INFOPLIST_KEY_UIApplicationSupportsIndirectInputEvents = YES;
				INFOPLIST_KEY_UILaunchStoryboardName = LaunchScreen;
				INFOPLIST_KEY_UIMainStoryboardFile = Main;
				INFOPLIST_KEY_UISupportedInterfaceOrientations_iPad = "UIInterfaceOrientationPortrait UIInterfaceOrientationPortraitUpsideDown UIInterfaceOrientationLandscapeLeft UIInterfaceOrientationLandscapeRight";
				INFOPLIST_KEY_UISupportedInterfaceOrientations_iPhone = "UIInterfaceOrientationPortrait UIInterfaceOrientationLandscapeLeft UIInterfaceOrientationLandscapeRight";
				LD_RUNPATH_SEARCH_PATHS = (
					"$(inherited)",
					"@executable_path/Frameworks",
				);
				MARKETING_VERSION = 1.0;
				PRODUCT_BUNDLE_IDENTIFIER = com.delims.dispatch;
				PRODUCT_NAME = "$(TARGET_NAME)";
				SWIFT_EMIT_LOC_STRINGS = YES;
				TARGETED_DEVICE_FAMILY = "1,2";
			};
			name = Release;
		};
		4FBC745227F5D43E000FDE45 /* Debug */ = {
			isa = XCBuildConfiguration;
			buildSettings = {
				BUNDLE_LOADER = "$(TEST_HOST)";
				CODE_SIGN_STYLE = Automatic;
				CURRENT_PROJECT_VERSION = 1;
				DEVELOPMENT_TEAM = 79YNH6CFRS;
				GENERATE_INFOPLIST_FILE = YES;
				IPHONEOS_DEPLOYMENT_TARGET = 15.4;
				MARKETING_VERSION = 1.0;
				PRODUCT_BUNDLE_IDENTIFIER = com.delims.dispatchTests;
				PRODUCT_NAME = "$(TARGET_NAME)";
				SWIFT_EMIT_LOC_STRINGS = NO;
				TARGETED_DEVICE_FAMILY = "1,2";
				TEST_HOST = "$(BUILT_PRODUCTS_DIR)/dispatch.app/dispatch";
			};
			name = Debug;
		};
		4FBC745327F5D43E000FDE45 /* Release */ = {
			isa = XCBuildConfiguration;
			buildSettings = {
				BUNDLE_LOADER = "$(TEST_HOST)";
				CODE_SIGN_STYLE = Automatic;
				CURRENT_PROJECT_VERSION = 1;
				DEVELOPMENT_TEAM = 79YNH6CFRS;
				GENERATE_INFOPLIST_FILE = YES;
				IPHONEOS_DEPLOYMENT_TARGET = 15.4;
				MARKETING_VERSION = 1.0;
				PRODUCT_BUNDLE_IDENTIFIER = com.delims.dispatchTests;
				PRODUCT_NAME = "$(TARGET_NAME)";
				SWIFT_EMIT_LOC_STRINGS = NO;
				TARGETED_DEVICE_FAMILY = "1,2";
				TEST_HOST = "$(BUILT_PRODUCTS_DIR)/dispatch.app/dispatch";
			};
			name = Release;
		};
		4FBC745527F5D43E000FDE45 /* Debug */ = {
			isa = XCBuildConfiguration;
			buildSettings = {
				CODE_SIGN_STYLE = Automatic;
				CURRENT_PROJECT_VERSION = 1;
				DEVELOPMENT_TEAM = 79YNH6CFRS;
				GENERATE_INFOPLIST_FILE = YES;
				MARKETING_VERSION = 1.0;
				PRODUCT_BUNDLE_IDENTIFIER = com.delims.dispatchUITests;
				PRODUCT_NAME = "$(TARGET_NAME)";
				SWIFT_EMIT_LOC_STRINGS = NO;
				TARGETED_DEVICE_FAMILY = "1,2";
				TEST_TARGET_NAME = dispatch;
			};
			name = Debug;
		};
		4FBC745627F5D43E000FDE45 /* Release */ = {
			isa = XCBuildConfiguration;
			buildSettings = {
				CODE_SIGN_STYLE = Automatic;
				CURRENT_PROJECT_VERSION = 1;
				DEVELOPMENT_TEAM = 79YNH6CFRS;
				GENERATE_INFOPLIST_FILE = YES;
				MARKETING_VERSION = 1.0;
				PRODUCT_BUNDLE_IDENTIFIER = com.delims.dispatchUITests;
				PRODUCT_NAME = "$(TARGET_NAME)";
				SWIFT_EMIT_LOC_STRINGS = NO;
				TARGETED_DEVICE_FAMILY = "1,2";
				TEST_TARGET_NAME = dispatch;
			};
			name = Release;
		};
/* End XCBuildConfiguration section */

/* Begin XCConfigurationList section */
		4FBC741A27F5D43C000FDE45 /* Build configuration list for PBXProject "dispatch" */ = {
			isa = XCConfigurationList;
			buildConfigurations = (
				4FBC744C27F5D43E000FDE45 /* Debug */,
				4FBC744D27F5D43E000FDE45 /* Release */,
			);
			defaultConfigurationIsVisible = 0;
			defaultConfigurationName = Release;
		};
		4FBC744E27F5D43E000FDE45 /* Build configuration list for PBXNativeTarget "dispatch" */ = {
			isa = XCConfigurationList;
			buildConfigurations = (
				4FBC744F27F5D43E000FDE45 /* Debug */,
				4FBC745027F5D43E000FDE45 /* Release */,
			);
			defaultConfigurationIsVisible = 0;
			defaultConfigurationName = Release;
		};
		4FBC745127F5D43E000FDE45 /* Build configuration list for PBXNativeTarget "dispatchTests" */ = {
			isa = XCConfigurationList;
			buildConfigurations = (
				4FBC745227F5D43E000FDE45 /* Debug */,
				4FBC745327F5D43E000FDE45 /* Release */,
			);
			defaultConfigurationIsVisible = 0;
			defaultConfigurationName = Release;
		};
		4FBC745427F5D43E000FDE45 /* Build configuration list for PBXNativeTarget "dispatchUITests" */ = {
			isa = XCConfigurationList;
			buildConfigurations = (
				4FBC745527F5D43E000FDE45 /* Debug */,
				4FBC745627F5D43E000FDE45 /* Release */,
			);
			defaultConfigurationIsVisible = 0;
			defaultConfigurationName = Release;
		};
/* End XCConfigurationList section */
	};
	rootObject = 4FBC741727F5D43C000FDE45 /* Project object */;
}
